
Microsoft Visual Studio Solution File, Format Version 12.00
Project("{FAE04EC0-301F-11D3-BF4B-00C04F79EFBC}") = "TicTacToe", "TicTacToe\TicTacToe.csproj", "{896D58C6-E773-49C1-A937-72FB1F377A70}"
EndProject
Project("{FAE04EC0-301F-11D3-BF4B-00C04F79EFBC}") = "TicTacToe.Tests", "TicTacToe.Tests\TicTacToe.Tests.csproj", "{D3FD4449-367F-4C8B-8CA3-536B7963C146}"
EndProject
Project("{FAE04EC0-301F-11D3-BF4B-00C04F79EFBC}") = "TicTacToe.ConsoleApp", "TicTacToe.ConsoleApp\TicTacToe.ConsoleApp.csproj", "{F3FEAD84-3E42-4E8C-8598-918D1517ADFF}"
EndProject
Global
	GlobalSection(SolutionConfigurationPlatforms) = preSolution
		Debug|Any CPU = Debug|Any CPU
		Release|Any CPU = Release|Any CPU
	EndGlobalSection
	GlobalSection(ProjectConfigurationPlatforms) = postSolution
		{896D58C6-E773-49C1-A937-72FB1F377A70}.Debug|Any CPU.ActiveCfg = Debug|Any CPU
		{896D58C6-E773-49C1-A937-72FB1F377A70}.Debug|Any CPU.Build.0 = Debug|Any CPU
		{896D58C6-E773-49C1-A937-72FB1F377A70}.Release|Any CPU.ActiveCfg = Release|Any CPU
		{896D58C6-E773-49C1-A937-72FB1F377A70}.Release|Any CPU.Build.0 = Release|Any CPU
		{D3FD4449-367F-4C8B-8CA3-536B7963C146}.Debug|Any CPU.ActiveCfg = Debug|Any CPU
		{D3FD4449-367F-4C8B-8CA3-536B7963C146}.Debug|Any CPU.Build.0 = Debug|Any CPU
		{D3FD4449-367F-4C8B-8CA3-536B7963C146}.Release|Any CPU.ActiveCfg = Release|Any CPU
		{D3FD4449-367F-4C8B-8CA3-536B7963C146}.Release|Any CPU.Build.0 = Release|Any CPU
		{F3FEAD84-3E42-4E8C-8598-918D1517ADFF}.Debug|Any CPU.ActiveCfg = Debug|Any CPU
		{F3FEAD84-3E42-4E8C-8598-918D1517ADFF}.Debug|Any CPU.Build.0 = Debug|Any CPU
		{F3FEAD84-3E42-4E8C-8598-918D1517ADFF}.Release|Any CPU.ActiveCfg = Release|Any CPU
		{F3FEAD84-3E42-4E8C-8598-918D1517ADFF}.Release|Any CPU.Build.0 = Release|Any CPU
	EndGlobalSection
EndGlobal
